
Microsoft Visual Studio Solution File, Format Version 12.00
# Visual Studio 14
VisualStudioVersion = 14.0.24720.0
MinimumVisualStudioVersion = 10.0.40219.1
Project("{8BB2217D-0F2D-49D1-97BC-3654ED321F3B}") = "Angular2Test", "Angular2Test\Angular2Test.xproj", "{B758B7FA-F022-435A-A587-DD082E32302F}"
EndProject
Project("{2150E333-8FDC-42A3-9474-1A3956D46DE8}") = "Solution Items", "Solution Items", "{35D6DF25-BB24-4A0C-97C8-03467C936B8A}"
	ProjectSection(SolutionItems) = preProject
		Angular2Test\global.json = Angular2Test\global.json
	EndProjectSection
EndProject
Global
	GlobalSection(SolutionConfigurationPlatforms) = preSolution
		Debug|Any CPU = Debug|Any CPU
		Release|Any CPU = Release|Any CPU
	EndGlobalSection
	GlobalSection(ProjectConfigurationPlatforms) = postSolution
		{B758B7FA-F022-435A-A587-DD082E32302F}.Debug|Any CPU.ActiveCfg = Debug|Any CPU
		{B758B7FA-F022-435A-A587-DD082E32302F}.Debug|Any CPU.Build.0 = Debug|Any CPU
		{B758B7FA-F022-435A-A587-DD082E32302F}.Release|Any CPU.ActiveCfg = Release|Any CPU
		{B758B7FA-F022-435A-A587-DD082E32302F}.Release|Any CPU.Build.0 = Release|Any CPU
	EndGlobalSection
	GlobalSection(SolutionProperties) = preSolution
		HideSolutionNode = FALSE
	EndGlobalSection
EndGlobal
